
Microsoft Visual Studio Solution File, Format Version 12.00
# Visual Studio Version 17
VisualStudioVersion = 17.0.31903.59
MinimumVisualStudioVersion = 10.0.40219.1
Project("{FAE04EC0-301F-11D3-BF4B-00C04F79EFBC}") = "CalculoCDB.API", "CalculoCDB.API\CalculoCDB.API.csproj", "{2BBFF141-E170-4DA8-B881-23BE0EAC12AF}"
EndProject
Project("{FAE04EC0-301F-11D3-BF4B-00C04F79EFBC}") = "CalculoCDB.API.Tests", "CalculoCDB.API.Tests\CalculoCDB.API.Tests.csproj", "{AB721502-B7D1-4DA3-8CCE-A322C6E34877}"
EndProject
Global
	GlobalSection(SolutionConfigurationPlatforms) = preSolution
		Debug|Any CPU = Debug|Any CPU
		Release|Any CPU = Release|Any CPU
	EndGlobalSection
	GlobalSection(ProjectConfigurationPlatforms) = postSolution
		{2BBFF141-E170-4DA8-B881-23BE0EAC12AF}.Debug|Any CPU.ActiveCfg = Debug|Any CPU
		{2BBFF141-E170-4DA8-B881-23BE0EAC12AF}.Debug|Any CPU.Build.0 = Debug|Any CPU
		{2BBFF141-E170-4DA8-B881-23BE0EAC12AF}.Release|Any CPU.ActiveCfg = Release|Any CPU
		{2BBFF141-E170-4DA8-B881-23BE0EAC12AF}.Release|Any CPU.Build.0 = Release|Any CPU
		{AB721502-B7D1-4DA3-8CCE-A322C6E34877}.Debug|Any CPU.ActiveCfg = Debug|Any CPU
		{AB721502-B7D1-4DA3-8CCE-A322C6E34877}.Debug|Any CPU.Build.0 = Debug|Any CPU
		{AB721502-B7D1-4DA3-8CCE-A322C6E34877}.Release|Any CPU.ActiveCfg = Release|Any CPU
		{AB721502-B7D1-4DA3-8CCE-A322C6E34877}.Release|Any CPU.Build.0 = Release|Any CPU
	EndGlobalSection
	GlobalSection(SolutionProperties) = preSolution
		HideSolutionNode = FALSE
	EndGlobalSection
	GlobalSection(ExtensibilityGlobals) = postSolution
		SolutionGuid = {99190A78-3298-4FDC-8B3A-6B37A9D8B7FF}
	EndGlobalSection
EndGlobal
